
Microsoft Visual Studio Solution File, Format Version 12.00
# Visual Studio Version 16
VisualStudioVersion = 16.0.30309.148
MinimumVisualStudioVersion = 10.0.40219.1
Project("{9A19103F-16F7-4668-BE54-9A1E7A4F7556}") = "BookStore", "BookStore\BookStore.csproj", "{FFD694FA-D2C9-4921-AECC-426FC0BCC332}"
EndProject
Global
	GlobalSection(SolutionConfigurationPlatforms) = preSolution
		Debug|Any CPU = Debug|Any CPU
		Release|Any CPU = Release|Any CPU
	EndGlobalSection
	GlobalSection(ProjectConfigurationPlatforms) = postSolution
		{FFD694FA-D2C9-4921-AECC-426FC0BCC332}.Debug|Any CPU.ActiveCfg = Debug|Any CPU
		{FFD694FA-D2C9-4921-AECC-426FC0BCC332}.Debug|Any CPU.Build.0 = Debug|Any CPU
		{FFD694FA-D2C9-4921-AECC-426FC0BCC332}.Release|Any CPU.ActiveCfg = Release|Any CPU
		{FFD694FA-D2C9-4921-AECC-426FC0BCC332}.Release|Any CPU.Build.0 = Release|Any CPU
	EndGlobalSection
	GlobalSection(SolutionProperties) = preSolution
		HideSolutionNode = FALSE
	EndGlobalSection
	GlobalSection(ExtensibilityGlobals) = postSolution
		SolutionGuid = {0974E95F-681E-4BAE-8D51-50DD5AF020FF}
	EndGlobalSection
EndGlobal
